# @generated by Move, please check-in and do not edit manually.

[move]
version = 3
manifest_digest = "6F649F75C8A3D3673C383972065AF80322BAEFABB9E3EC801A82E2E875B06890"
deps_digest = "F8BBB0CCB2491CA29A3DF03D6F92277A4F3574266507ACD77214D37ECA3F3082"
dependencies = [
  { id = "Sui", name = "Sui" },
]

[[move.package]]
id = "MoveStdlib"
source = { git = "https://github.com/MystenLabs/sui.git", rev = "framework/testnet", subdir = "crates/sui-framework/packages/move-stdlib" }

[[move.package]]
id = "Sui"
source = { git = "https://github.com/MystenLabs/sui.git", rev = "framework/testnet", subdir = "crates/sui-framework/packages/sui-framework" }

dependencies = [
  { id = "MoveStdlib", name = "MoveStdlib" },
]

[move.toolchain-version]
compiler-version = "1.47.0"
edition = "2024.beta"
flavor = "sui"

[env]

[env.testnet]
chain-id = "4c78adac"
original-published-id = "0x83d4699bf71dd9a7f8f805d8583ee7636e2c4876962cf5a9d8cc2a6699d5f4ab"
latest-published-id = "0x83d4699bf71dd9a7f8f805d8583ee7636e2c4876962cf5a9d8cc2a6699d5f4ab"
published-version = "1"
